<Solution>
  <Configurations>
    <Platform Name="ARM64" />
    <Platform Name="x64" />
  </Configurations>
  <Folder Name="/Config/">
    <File Path="Directory.Packages.props" />
    <File Path="Directory.Build.props" />
  </Folder>
  <Project Path="Aria2Extension/Aria2Extension.csproj">
    <Platform Solution="*|ARM64" Project="ARM64" />
    <Platform Solution="*|x64" Project="x64" />
    <Deploy />
  </Project>
</Solution>
